
Microsoft Visual Studio Solution File, Format Version 12.00
# Visual Studio 15
VisualStudioVersion = 15.0.27130.2024
MinimumVisualStudioVersion = 10.0.40219.1
Project("{CC5FD16D-436D-48AD-A40C-5A424C6E3E79}") = "CloudComputing", "CloudComputing\CloudComputing.ccproj", "{F36D5383-5132-407A-B17B-A15981975F9D}"
EndProject
Project("{FAE04EC0-301F-11D3-BF4B-00C04F79EFBC}") = "CrimeDataAnalysis", "WebRole1\CrimeDataAnalysis.csproj", "{0C0A5C05-A994-45B1-8D25-425C086CD627}"
EndProject
Project("{FAE04EC0-301F-11D3-BF4B-00C04F79EFBC}") = "WCFServiceWebRole1", "WCFServiceWebRole1\WCFServiceWebRole1.csproj", "{25EB1708-E72E-4F3F-A8A6-6A8A3CCC5845}"
EndProject
Global
	GlobalSection(SolutionConfigurationPlatforms) = preSolution
		Debug|Any CPU = Debug|Any CPU
		Release|Any CPU = Release|Any CPU
	EndGlobalSection
	GlobalSection(ProjectConfigurationPlatforms) = postSolution
		{F36D5383-5132-407A-B17B-A15981975F9D}.Debug|Any CPU.ActiveCfg = Debug|Any CPU
		{F36D5383-5132-407A-B17B-A15981975F9D}.Debug|Any CPU.Build.0 = Debug|Any CPU
		{F36D5383-5132-407A-B17B-A15981975F9D}.Release|Any CPU.ActiveCfg = Release|Any CPU
		{F36D5383-5132-407A-B17B-A15981975F9D}.Release|Any CPU.Build.0 = Release|Any CPU
		{0C0A5C05-A994-45B1-8D25-425C086CD627}.Debug|Any CPU.ActiveCfg = Debug|Any CPU
		{0C0A5C05-A994-45B1-8D25-425C086CD627}.Debug|Any CPU.Build.0 = Debug|Any CPU
		{0C0A5C05-A994-45B1-8D25-425C086CD627}.Release|Any CPU.ActiveCfg = Release|Any CPU
		{0C0A5C05-A994-45B1-8D25-425C086CD627}.Release|Any CPU.Build.0 = Release|Any CPU
		{25EB1708-E72E-4F3F-A8A6-6A8A3CCC5845}.Debug|Any CPU.ActiveCfg = Debug|Any CPU
		{25EB1708-E72E-4F3F-A8A6-6A8A3CCC5845}.Debug|Any CPU.Build.0 = Debug|Any CPU
		{25EB1708-E72E-4F3F-A8A6-6A8A3CCC5845}.Release|Any CPU.ActiveCfg = Release|Any CPU
		{25EB1708-E72E-4F3F-A8A6-6A8A3CCC5845}.Release|Any CPU.Build.0 = Release|Any CPU
	EndGlobalSection
	GlobalSection(SolutionProperties) = preSolution
		HideSolutionNode = FALSE
	EndGlobalSection
	GlobalSection(ExtensibilityGlobals) = postSolution
		SolutionGuid = {62BD8539-E9CD-4F02-BE4A-1B2A520225E5}
	EndGlobalSection
EndGlobal
